
Microsoft Visual Studio Solution File, Format Version 12.00
# Visual Studio 15
VisualStudioVersion = 15.0.28307.779
MinimumVisualStudioVersion = 10.0.40219.1
Project("{FAE04EC0-301F-11D3-BF4B-00C04F79EFBC}") = "SDS", "SDS.csproj", "{81C1A745-4BA3-4EBD-A580-A1E847FEB8EA}"
EndProject
Global
	GlobalSection(SolutionConfigurationPlatforms) = preSolution
		Debug|Any CPU = Debug|Any CPU
		Release|Any CPU = Release|Any CPU
	EndGlobalSection
	GlobalSection(ProjectConfigurationPlatforms) = postSolution
		{81C1A745-4BA3-4EBD-A580-A1E847FEB8EA}.Debug|Any CPU.ActiveCfg = Debug|Any CPU
		{81C1A745-4BA3-4EBD-A580-A1E847FEB8EA}.Debug|Any CPU.Build.0 = Debug|Any CPU
		{81C1A745-4BA3-4EBD-A580-A1E847FEB8EA}.Release|Any CPU.ActiveCfg = Release|Any CPU
		{81C1A745-4BA3-4EBD-A580-A1E847FEB8EA}.Release|Any CPU.Build.0 = Release|Any CPU
	EndGlobalSection
	GlobalSection(SolutionProperties) = preSolution
		HideSolutionNode = FALSE
	EndGlobalSection
	GlobalSection(ExtensibilityGlobals) = postSolution
		SolutionGuid = {998B11C9-8238-4772-BA40-02A2193E2CCE}
	EndGlobalSection
EndGlobal
